
Microsoft Visual Studio Solution File, Format Version 12.00
# Visual Studio Version 16
VisualStudioVersion = 16.0.31112.23
MinimumVisualStudioVersion = 10.0.40219.1
Project("{FAE04EC0-301F-11D3-BF4B-00C04F79EFBC}") = "Lab2_B1.1.3", "Lab2_B1.1.3\Lab2_B1.1.3.csproj", "{589426FC-6F8C-49FF-BB48-CB75A769BE76}"
EndProject
Global
	GlobalSection(SolutionConfigurationPlatforms) = preSolution
		Debug|Any CPU = Debug|Any CPU
		Release|Any CPU = Release|Any CPU
	EndGlobalSection
	GlobalSection(ProjectConfigurationPlatforms) = postSolution
		{589426FC-6F8C-49FF-BB48-CB75A769BE76}.Debug|Any CPU.ActiveCfg = Debug|Any CPU
		{589426FC-6F8C-49FF-BB48-CB75A769BE76}.Debug|Any CPU.Build.0 = Debug|Any CPU
		{589426FC-6F8C-49FF-BB48-CB75A769BE76}.Release|Any CPU.ActiveCfg = Release|Any CPU
		{589426FC-6F8C-49FF-BB48-CB75A769BE76}.Release|Any CPU.Build.0 = Release|Any CPU
	EndGlobalSection
	GlobalSection(SolutionProperties) = preSolution
		HideSolutionNode = FALSE
	EndGlobalSection
	GlobalSection(ExtensibilityGlobals) = postSolution
		SolutionGuid = {E6E5AB73-6561-4ECA-96A0-4973D69030B2}
	EndGlobalSection
EndGlobal
