
Microsoft Visual Studio Solution File, Format Version 12.00
# Visual Studio Version 16
VisualStudioVersion = 16.0.31112.23
MinimumVisualStudioVersion = 10.0.40219.1
Project("{FAE04EC0-301F-11D3-BF4B-00C04F79EFBC}") = "Lab2_B1.1.4", "Lab2_B1.1.4\Lab2_B1.1.4.csproj", "{DE42AC34-5D8D-4BD3-B61D-66485D727F0A}"
EndProject
Global
	GlobalSection(SolutionConfigurationPlatforms) = preSolution
		Debug|Any CPU = Debug|Any CPU
		Release|Any CPU = Release|Any CPU
	EndGlobalSection
	GlobalSection(ProjectConfigurationPlatforms) = postSolution
		{DE42AC34-5D8D-4BD3-B61D-66485D727F0A}.Debug|Any CPU.ActiveCfg = Debug|Any CPU
		{DE42AC34-5D8D-4BD3-B61D-66485D727F0A}.Debug|Any CPU.Build.0 = Debug|Any CPU
		{DE42AC34-5D8D-4BD3-B61D-66485D727F0A}.Release|Any CPU.ActiveCfg = Release|Any CPU
		{DE42AC34-5D8D-4BD3-B61D-66485D727F0A}.Release|Any CPU.Build.0 = Release|Any CPU
	EndGlobalSection
	GlobalSection(SolutionProperties) = preSolution
		HideSolutionNode = FALSE
	EndGlobalSection
	GlobalSection(ExtensibilityGlobals) = postSolution
		SolutionGuid = {39BB9342-F1F6-4650-8E74-1C595DC0FF7B}
	EndGlobalSection
EndGlobal
